// !$*UTF8*$!
{
	archiveVersion = 1;
	classes = {
	};
	objectVersion = 50;
	objects = {

/* Begin PBXBuildFile section */
		6E89EC9F26BB1C860000CF70 /* ViewModel.swift in Sources */ = {isa = PBXBuildFile; fileRef = 6E89EC9E26BB1C860000CF70 /* ViewModel.swift */; };
		6E89ECA126BB211A0000CF70 /* PruebaViewmodelView.swift in Sources */ = {isa = PBXBuildFile; fileRef = 6E89ECA026BB211A0000CF70 /* PruebaViewmodelView.swift */; };
		6E91AB1226AE910200DF9E3B /* IdeasListView.swift in Sources */ = {isa = PBXBuildFile; fileRef = 6E91AB1126AE910200DF9E3B /* IdeasListView.swift */; };
		6E91AB1626AE993F00DF9E3B /* AddIdeaView.swift in Sources */ = {isa = PBXBuildFile; fileRef = 6E91AB1526AE993F00DF9E3B /* AddIdeaView.swift */; };
		6E91AB1826AE994C00DF9E3B /* DetailIdeaView.swift in Sources */ = {isa = PBXBuildFile; fileRef = 6E91AB1726AE994C00DF9E3B /* DetailIdeaView.swift */; };
		6E91AB1A26AE996900DF9E3B /* CellIdeaListView.swift in Sources */ = {isa = PBXBuildFile; fileRef = 6E91AB1926AE996900DF9E3B /* CellIdeaListView.swift */; };
		6E91AB1D26AFE5A400DF9E3B /* UrlsListView.swift in Sources */ = {isa = PBXBuildFile; fileRef = 6E91AB1C26AFE5A400DF9E3B /* UrlsListView.swift */; };
		6E91AB1F26AFE5BC00DF9E3B /* AddUrlView.swift in Sources */ = {isa = PBXBuildFile; fileRef = 6E91AB1E26AFE5BC00DF9E3B /* AddUrlView.swift */; };
		6E91AB2126AFE5CD00DF9E3B /* DetailUrlView.swift in Sources */ = {isa = PBXBuildFile; fileRef = 6E91AB2026AFE5CD00DF9E3B /* DetailUrlView.swift */; };
		6E91AB2326AFE5E500DF9E3B /* CellUrlsListView.swift in Sources */ = {isa = PBXBuildFile; fileRef = 6E91AB2226AFE5E500DF9E3B /* CellUrlsListView.swift */; };
		6E91AB2526AFEAA000DF9E3B /* ImageIdeaView.swift in Sources */ = {isa = PBXBuildFile; fileRef = 6E91AB2426AFEAA000DF9E3B /* ImageIdeaView.swift */; };
		6E91AB2726B298E600DF9E3B /* EventsTools.swift in Sources */ = {isa = PBXBuildFile; fileRef = 6E91AB2626B298E600DF9E3B /* EventsTools.swift */; };
		6E91AB2926B2B60D00DF9E3B /* DateTools.swift in Sources */ = {isa = PBXBuildFile; fileRef = 6E91AB2826B2B60D00DF9E3B /* DateTools.swift */; };
		6E91AB2B26B2B82F00DF9E3B /* ModelStructs.swift in Sources */ = {isa = PBXBuildFile; fileRef = 6E91AB2A26B2B82F00DF9E3B /* ModelStructs.swift */; };
		6E91AB2D26B3FAC800DF9E3B /* Helper.swift in Sources */ = {isa = PBXBuildFile; fileRef = 6E91AB2C26B3FAC800DF9E3B /* Helper.swift */; };
		6E96C8E62693254A002D25A7 /* PerfectGiftCDiCApp.swift in Sources */ = {isa = PBXBuildFile; fileRef = 6E96C8E52693254A002D25A7 /* PerfectGiftCDiCApp.swift */; };
		6E96C8E82693254A002D25A7 /* ContentView.swift in Sources */ = {isa = PBXBuildFile; fileRef = 6E96C8E72693254A002D25A7 /* ContentView.swift */; };
		6E96C8EA2693254D002D25A7 /* Assets.xcassets in Resources */ = {isa = PBXBuildFile; fileRef = 6E96C8E92693254D002D25A7 /* Assets.xcassets */; };
		6E96C8ED2693254D002D25A7 /* Preview Assets.xcassets in Resources */ = {isa = PBXBuildFile; fileRef = 6E96C8EC2693254D002D25A7 /* Preview Assets.xcassets */; };
		6E96C8EF2693254D002D25A7 /* Persistence.swift in Sources */ = {isa = PBXBuildFile; fileRef = 6E96C8EE2693254D002D25A7 /* Persistence.swift */; };
		6E96C8F22693254D002D25A7 /* PerfectGiftCDiC.xcdatamodeld in Sources */ = {isa = PBXBuildFile; fileRef = 6E96C8F02693254D002D25A7 /* PerfectGiftCDiC.xcdatamodeld */; };
		6E96C8FB26934FB3002D25A7 /* ProfileListView.swift in Sources */ = {isa = PBXBuildFile; fileRef = 6E96C8FA26934FB3002D25A7 /* ProfileListView.swift */; };
		6E96C8FD26934FC8002D25A7 /* UpcomingListsView.swift in Sources */ = {isa = PBXBuildFile; fileRef = 6E96C8FC26934FC8002D25A7 /* UpcomingListsView.swift */; };
		6E96C8FF2693684E002D25A7 /* AddProfileView.swift in Sources */ = {isa = PBXBuildFile; fileRef = 6E96C8FE2693684E002D25A7 /* AddProfileView.swift */; };
		6E96C90126945C4E002D25A7 /* CellProfileListView.swift in Sources */ = {isa = PBXBuildFile; fileRef = 6E96C90026945C4D002D25A7 /* CellProfileListView.swift */; };
		6E96C904269487E2002D25A7 /* ImagePicker.swift in Sources */ = {isa = PBXBuildFile; fileRef = 6E96C903269487E1002D25A7 /* ImagePicker.swift */; };
		6E96C906269596F7002D25A7 /* DetailProfileView.swift in Sources */ = {isa = PBXBuildFile; fileRef = 6E96C905269596F7002D25A7 /* DetailProfileView.swift */; };
		6EA6014C2697A9520051FB14 /* EventsListView.swift in Sources */ = {isa = PBXBuildFile; fileRef = 6EA6014B2697A9520051FB14 /* EventsListView.swift */; };
		6EA6014E2697A9D30051FB14 /* CellEventListView.swift in Sources */ = {isa = PBXBuildFile; fileRef = 6EA6014D2697A9D30051FB14 /* CellEventListView.swift */; };
		6EA601502697AA340051FB14 /* DetailEventView.swift in Sources */ = {isa = PBXBuildFile; fileRef = 6EA6014F2697AA340051FB14 /* DetailEventView.swift */; };
		6EF2BF3D2696DAE200FA4494 /* AddEventView.swift in Sources */ = {isa = PBXBuildFile; fileRef = 6EF2BF3C2696DAE200FA4494 /* AddEventView.swift */; };
/* End PBXBuildFile section */

/* Begin PBXFileReference section */
		6E89EC9E26BB1C860000CF70 /* ViewModel.swift */ = {isa = PBXFileReference; lastKnownFileType = sourcecode.swift; path = ViewModel.swift; sourceTree = "<group>"; };
		6E89ECA026BB211A0000CF70 /* PruebaViewmodelView.swift */ = {isa = PBXFileReference; lastKnownFileType = sourcecode.swift; path = PruebaViewmodelView.swift; sourceTree = "<group>"; };
		6E91AB1126AE910200DF9E3B /* IdeasListView.swift */ = {isa = PBXFileReference; lastKnownFileType = sourcecode.swift; path = IdeasListView.swift; sourceTree = "<group>"; };
		6E91AB1526AE993F00DF9E3B /* AddIdeaView.swift */ = {isa = PBXFileReference; lastKnownFileType = sourcecode.swift; path = AddIdeaView.swift; sourceTree = "<group>"; };
		6E91AB1726AE994C00DF9E3B /* DetailIdeaView.swift */ = {isa = PBXFileReference; lastKnownFileType = sourcecode.swift; path = DetailIdeaView.swift; sourceTree = "<group>"; };
		6E91AB1926AE996900DF9E3B /* CellIdeaListView.swift */ = {isa = PBXFileReference; lastKnownFileType = sourcecode.swift; path = CellIdeaListView.swift; sourceTree = "<group>"; };
		6E91AB1C26AFE5A400DF9E3B /* UrlsListView.swift */ = {isa = PBXFileReference; lastKnownFileType = sourcecode.swift; path = UrlsListView.swift; sourceTree = "<group>"; };
		6E91AB1E26AFE5BC00DF9E3B /* AddUrlView.swift */ = {isa = PBXFileReference; lastKnownFileType = sourcecode.swift; path = AddUrlView.swift; sourceTree = "<group>"; };
		6E91AB2026AFE5CD00DF9E3B /* DetailUrlView.swift */ = {isa = PBXFileReference; lastKnownFileType = sourcecode.swift; path = DetailUrlView.swift; sourceTree = "<group>"; };
		6E91AB2226AFE5E500DF9E3B /* CellUrlsListView.swift */ = {isa = PBXFileReference; lastKnownFileType = sourcecode.swift; path = CellUrlsListView.swift; sourceTree = "<group>"; };
		6E91AB2426AFEAA000DF9E3B /* ImageIdeaView.swift */ = {isa = PBXFileReference; lastKnownFileType = sourcecode.swift; path = ImageIdeaView.swift; sourceTree = "<group>"; };
		6E91AB2626B298E600DF9E3B /* EventsTools.swift */ = {isa = PBXFileReference; lastKnownFileType = sourcecode.swift; path = EventsTools.swift; sourceTree = "<group>"; };
		6E91AB2826B2B60D00DF9E3B /* DateTools.swift */ = {isa = PBXFileReference; lastKnownFileType = sourcecode.swift; path = DateTools.swift; sourceTree = "<group>"; };
		6E91AB2A26B2B82F00DF9E3B /* ModelStructs.swift */ = {isa = PBXFileReference; lastKnownFileType = sourcecode.swift; path = ModelStructs.swift; sourceTree = "<group>"; };
		6E91AB2C26B3FAC800DF9E3B /* Helper.swift */ = {isa = PBXFileReference; lastKnownFileType = sourcecode.swift; path = Helper.swift; sourceTree = "<group>"; };
		6E96C8E22693254A002D25A7 /* PerfectGiftCDiC.app */ = {isa = PBXFileReference; explicitFileType = wrapper.application; includeInIndex = 0; path = PerfectGiftCDiC.app; sourceTree = BUILT_PRODUCTS_DIR; };
		6E96C8E52693254A002D25A7 /* PerfectGiftCDiCApp.swift */ = {isa = PBXFileReference; lastKnownFileType = sourcecode.swift; path = PerfectGiftCDiCApp.swift; sourceTree = "<group>"; };
		6E96C8E72693254A002D25A7 /* ContentView.swift */ = {isa = PBXFileReference; lastKnownFileType = sourcecode.swift; path = ContentView.swift; sourceTree = "<group>"; };
		6E96C8E92693254D002D25A7 /* Assets.xcassets */ = {isa = PBXFileReference; lastKnownFileType = folder.assetcatalog; path = Assets.xcassets; sourceTree = "<group>"; };
		6E96C8EC2693254D002D25A7 /* Preview Assets.xcassets */ = {isa = PBXFileReference; lastKnownFileType = folder.assetcatalog; path = "Preview Assets.xcassets"; sourceTree = "<group>"; };
		6E96C8EE2693254D002D25A7 /* Persistence.swift */ = {isa = PBXFileReference; lastKnownFileType = sourcecode.swift; path = Persistence.swift; sourceTree = "<group>"; };
		6E96C8F12693254D002D25A7 /* PerfectGiftCDiC.xcdatamodel */ = {isa = PBXFileReference; lastKnownFileType = wrapper.xcdatamodel; path = PerfectGiftCDiC.xcdatamodel; sourceTree = "<group>"; };
		6E96C8F32693254D002D25A7 /* Info.plist */ = {isa = PBXFileReference; lastKnownFileType = text.plist.xml; path = Info.plist; sourceTree = "<group>"; };
		6E96C8FA26934FB3002D25A7 /* ProfileListView.swift */ = {isa = PBXFileReference; lastKnownFileType = sourcecode.swift; path = ProfileListView.swift; sourceTree = "<group>"; };
		6E96C8FC26934FC8002D25A7 /* UpcomingListsView.swift */ = {isa = PBXFileReference; lastKnownFileType = sourcecode.swift; path = UpcomingListsView.swift; sourceTree = "<group>"; };
		6E96C8FE2693684E002D25A7 /* AddProfileView.swift */ = {isa = PBXFileReference; lastKnownFileType = sourcecode.swift; path = AddProfileView.swift; sourceTree = "<group>"; };
		6E96C90026945C4D002D25A7 /* CellProfileListView.swift */ = {isa = PBXFileReference; lastKnownFileType = sourcecode.swift; path = CellProfileListView.swift; sourceTree = "<group>"; };
		6E96C903269487E1002D25A7 /* ImagePicker.swift */ = {isa = PBXFileReference; lastKnownFileType = sourcecode.swift; path = ImagePicker.swift; sourceTree = "<group>"; };
		6E96C905269596F7002D25A7 /* DetailProfileView.swift */ = {isa = PBXFileReference; lastKnownFileType = sourcecode.swift; path = DetailProfileView.swift; sourceTree = "<group>"; };
		6EA6014B2697A9520051FB14 /* EventsListView.swift */ = {isa = PBXFileReference; lastKnownFileType = sourcecode.swift; path = EventsListView.swift; sourceTree = "<group>"; };
		6EA6014D2697A9D30051FB14 /* CellEventListView.swift */ = {isa = PBXFileReference; lastKnownFileType = sourcecode.swift; path = CellEventListView.swift; sourceTree = "<group>"; };
		6EA6014F2697AA340051FB14 /* DetailEventView.swift */ = {isa = PBXFileReference; lastKnownFileType = sourcecode.swift; path = DetailEventView.swift; sourceTree = "<group>"; };
		6EF2BF3C2696DAE200FA4494 /* AddEventView.swift */ = {isa = PBXFileReference; lastKnownFileType = sourcecode.swift; path = AddEventView.swift; sourceTree = "<group>"; };
/* End PBXFileReference section */

/* Begin PBXFrameworksBuildPhase section */
		6E96C8DF2693254A002D25A7 /* Frameworks */ = {
			isa = PBXFrameworksBuildPhase;
			buildActionMask = 2147483647;
			files = (
			);
			runOnlyForDeploymentPostprocessing = 0;
		};
/* End PBXFrameworksBuildPhase section */

/* Begin PBXGroup section */
		6E19476E26A69FAF00216B9E /* model */ = {
			isa = PBXGroup;
			children = (
				6E96C8F02693254D002D25A7 /* PerfectGiftCDiC.xcdatamodeld */,
				6E91AB2A26B2B82F00DF9E3B /* ModelStructs.swift */,
				6E89EC9E26BB1C860000CF70 /* ViewModel.swift */,
			);
			path = model;
			sourceTree = "<group>";
		};
		6E91AB1026AE90DC00DF9E3B /* ideas */ = {
			isa = PBXGroup;
			children = (
				6E91AB1126AE910200DF9E3B /* IdeasListView.swift */,
				6E91AB1526AE993F00DF9E3B /* AddIdeaView.swift */,
				6E91AB1726AE994C00DF9E3B /* DetailIdeaView.swift */,
				6E91AB1926AE996900DF9E3B /* CellIdeaListView.swift */,
				6E91AB2426AFEAA000DF9E3B /* ImageIdeaView.swift */,
			);
			path = ideas;
			sourceTree = "<group>";
		};
		6E91AB1B26AFE58B00DF9E3B /* Urls */ = {
			isa = PBXGroup;
			children = (
				6E91AB1C26AFE5A400DF9E3B /* UrlsListView.swift */,
				6E91AB1E26AFE5BC00DF9E3B /* AddUrlView.swift */,
				6E91AB2026AFE5CD00DF9E3B /* DetailUrlView.swift */,
				6E91AB2226AFE5E500DF9E3B /* CellUrlsListView.swift */,
			);
			path = Urls;
			sourceTree = "<group>";
		};
		6E96C8D92693254A002D25A7 = {
			isa = PBXGroup;
			children = (
				6E96C8E42693254A002D25A7 /* PerfectGiftCDiC */,
				6E96C8E32693254A002D25A7 /* Products */,
			);
			sourceTree = "<group>";
		};
		6E96C8E32693254A002D25A7 /* Products */ = {
			isa = PBXGroup;
			children = (
				6E96C8E22693254A002D25A7 /* PerfectGiftCDiC.app */,
			);
			name = Products;
			sourceTree = "<group>";
		};
		6E96C8E42693254A002D25A7 /* PerfectGiftCDiC */ = {
			isa = PBXGroup;
			children = (
				6EA601522697AAC00051FB14 /* profileView */,
				6EA601512697AAAB0051FB14 /* eventViews */,
				6E91AB1026AE90DC00DF9E3B /* ideas */,
				6E91AB1B26AFE58B00DF9E3B /* Urls */,
				6E19476E26A69FAF00216B9E /* model */,
				6E96C902269487C1002D25A7 /* tools */,
				6E96C8F926934F97002D25A7 /* views */,
				6E96C8E52693254A002D25A7 /* PerfectGiftCDiCApp.swift */,
				6E96C8E92693254D002D25A7 /* Assets.xcassets */,
				6E96C8EE2693254D002D25A7 /* Persistence.swift */,
				6E96C8F32693254D002D25A7 /* Info.plist */,
				6E96C8EB2693254D002D25A7 /* Preview Content */,
			);
			path = PerfectGiftCDiC;
			sourceTree = "<group>";
		};
		6E96C8EB2693254D002D25A7 /* Preview Content */ = {
			isa = PBXGroup;
			children = (
				6E96C8EC2693254D002D25A7 /* Preview Assets.xcassets */,
			);
			path = "Preview Content";
			sourceTree = "<group>";
		};
		6E96C8F926934F97002D25A7 /* views */ = {
			isa = PBXGroup;
			children = (
				6E96C8E72693254A002D25A7 /* ContentView.swift */,
				6E96C8FC26934FC8002D25A7 /* UpcomingListsView.swift */,
			);
			path = views;
			sourceTree = "<group>";
		};
		6E96C902269487C1002D25A7 /* tools */ = {
			isa = PBXGroup;
			children = (
				6E96C903269487E1002D25A7 /* ImagePicker.swift */,
				6E91AB2626B298E600DF9E3B /* EventsTools.swift */,
				6E91AB2826B2B60D00DF9E3B /* DateTools.swift */,
				6E91AB2C26B3FAC800DF9E3B /* Helper.swift */,
			);
			path = tools;
			sourceTree = "<group>";
		};
		6EA601512697AAAB0051FB14 /* eventViews */ = {
			isa = PBXGroup;
			children = (
				6EA6014B2697A9520051FB14 /* EventsListView.swift */,
				6EA6014D2697A9D30051FB14 /* CellEventListView.swift */,
				6EF2BF3C2696DAE200FA4494 /* AddEventView.swift */,
				6EA6014F2697AA340051FB14 /* DetailEventView.swift */,
			);
			path = eventViews;
			sourceTree = "<group>";
		};
		6EA601522697AAC00051FB14 /* profileView */ = {
			isa = PBXGroup;
			children = (
				6E96C8FA26934FB3002D25A7 /* ProfileListView.swift */,
				6E96C90026945C4D002D25A7 /* CellProfileListView.swift */,
				6E96C8FE2693684E002D25A7 /* AddProfileView.swift */,
				6E96C905269596F7002D25A7 /* DetailProfileView.swift */,
				6E89ECA026BB211A0000CF70 /* PruebaViewmodelView.swift */,
			);
			path = profileView;
			sourceTree = "<group>";
		};
/* End PBXGroup section */

/* Begin PBXNativeTarget section */
		6E96C8E12693254A002D25A7 /* PerfectGiftCDiC */ = {
			isa = PBXNativeTarget;
			buildConfigurationList = 6E96C8F62693254D002D25A7 /* Build configuration list for PBXNativeTarget "PerfectGiftCDiC" */;
			buildPhases = (
				6E96C8DE2693254A002D25A7 /* Sources */,
				6E96C8DF2693254A002D25A7 /* Frameworks */,
				6E96C8E02693254A002D25A7 /* Resources */,
			);
			buildRules = (
			);
			dependencies = (
			);
			name = PerfectGiftCDiC;
			productName = PerfectGiftCDiC;
			productReference = 6E96C8E22693254A002D25A7 /* PerfectGiftCDiC.app */;
			productType = "com.apple.product-type.application";
		};
/* End PBXNativeTarget section */

/* Begin PBXProject section */
		6E96C8DA2693254A002D25A7 /* Project object */ = {
			isa = PBXProject;
			attributes = {
				LastSwiftUpdateCheck = 1250;
				LastUpgradeCheck = 1250;
				TargetAttributes = {
					6E96C8E12693254A002D25A7 = {
						CreatedOnToolsVersion = 12.5.1;
					};
				};
			};
			buildConfigurationList = 6E96C8DD2693254A002D25A7 /* Build configuration list for PBXProject "PerfectGiftCDiC" */;
			compatibilityVersion = "Xcode 9.3";
			developmentRegion = en;
			hasScannedForEncodings = 0;
			knownRegions = (
				en,
				Base,
			);
			mainGroup = 6E96C8D92693254A002D25A7;
			productRefGroup = 6E96C8E32693254A002D25A7 /* Products */;
			projectDirPath = "";
			projectRoot = "";
			targets = (
				6E96C8E12693254A002D25A7 /* PerfectGiftCDiC */,
			);
		};
/* End PBXProject section */

/* Begin PBXResourcesBuildPhase section */
		6E96C8E02693254A002D25A7 /* Resources */ = {
			isa = PBXResourcesBuildPhase;
			buildActionMask = 2147483647;
			files = (
				6E96C8ED2693254D002D25A7 /* Preview Assets.xcassets in Resources */,
				6E96C8EA2693254D002D25A7 /* Assets.xcassets in Resources */,
			);
			runOnlyForDeploymentPostprocessing = 0;
		};
/* End PBXResourcesBuildPhase section */

/* Begin PBXSourcesBuildPhase section */
		6E96C8DE2693254A002D25A7 /* Sources */ = {
			isa = PBXSourcesBuildPhase;
			buildActionMask = 2147483647;
			files = (
				6E89ECA126BB211A0000CF70 /* PruebaViewmodelView.swift in Sources */,
				6E96C8FF2693684E002D25A7 /* AddProfileView.swift in Sources */,
				6EA6014E2697A9D30051FB14 /* CellEventListView.swift in Sources */,
				6E96C8FB26934FB3002D25A7 /* ProfileListView.swift in Sources */,
				6E91AB1A26AE996900DF9E3B /* CellIdeaListView.swift in Sources */,
				6E91AB2326AFE5E500DF9E3B /* CellUrlsListView.swift in Sources */,
				6E91AB2D26B3FAC800DF9E3B /* Helper.swift in Sources */,
				6E89EC9F26BB1C860000CF70 /* ViewModel.swift in Sources */,
				6E91AB1626AE993F00DF9E3B /* AddIdeaView.swift in Sources */,
				6E96C8EF2693254D002D25A7 /* Persistence.swift in Sources */,
				6E96C904269487E2002D25A7 /* ImagePicker.swift in Sources */,
				6E96C8E82693254A002D25A7 /* ContentView.swift in Sources */,
				6E91AB2526AFEAA000DF9E3B /* ImageIdeaView.swift in Sources */,
				6E91AB2726B298E600DF9E3B /* EventsTools.swift in Sources */,
				6EA601502697AA340051FB14 /* DetailEventView.swift in Sources */,
				6E91AB1D26AFE5A400DF9E3B /* UrlsListView.swift in Sources */,
				6E96C906269596F7002D25A7 /* DetailProfileView.swift in Sources */,
				6E91AB2126AFE5CD00DF9E3B /* DetailUrlView.swift in Sources */,
				6E91AB2926B2B60D00DF9E3B /* DateTools.swift in Sources */,
				6E91AB2B26B2B82F00DF9E3B /* ModelStructs.swift in Sources */,
				6EF2BF3D2696DAE200FA4494 /* AddEventView.swift in Sources */,
				6E91AB1826AE994C00DF9E3B /* DetailIdeaView.swift in Sources */,
				6E91AB1226AE910200DF9E3B /* IdeasListView.swift in Sources */,
				6E91AB1F26AFE5BC00DF9E3B /* AddUrlView.swift in Sources */,
				6EA6014C2697A9520051FB14 /* EventsListView.swift in Sources */,
				6E96C90126945C4E002D25A7 /* CellProfileListView.swift in Sources */,
				6E96C8F22693254D002D25A7 /* PerfectGiftCDiC.xcdatamodeld in Sources */,
				6E96C8FD26934FC8002D25A7 /* UpcomingListsView.swift in Sources */,
				6E96C8E62693254A002D25A7 /* PerfectGiftCDiCApp.swift in Sources */,
			);
			runOnlyForDeploymentPostprocessing = 0;
		};
/* End PBXSourcesBuildPhase section */

/* Begin XCBuildConfiguration section */
		6E96C8F42693254D002D25A7 /* Debug */ = {
			isa = XCBuildConfiguration;
			buildSettings = {
				ALWAYS_SEARCH_USER_PATHS = NO;
				CLANG_ANALYZER_NONNULL = YES;
				CLANG_ANALYZER_NUMBER_OBJECT_CONVERSION = YES_AGGRESSIVE;
				CLANG_CXX_LANGUAGE_STANDARD = "gnu++14";
				CLANG_CXX_LIBRARY = "libc++";
				CLANG_ENABLE_MODULES = YES;
				CLANG_ENABLE_OBJC_ARC = YES;
				CLANG_ENABLE_OBJC_WEAK = YES;
				CLANG_WARN_BLOCK_CAPTURE_AUTORELEASING = YES;
				CLANG_WARN_BOOL_CONVERSION = YES;
				CLANG_WARN_COMMA = YES;
				CLANG_WARN_CONSTANT_CONVERSION = YES;
				CLANG_WARN_DEPRECATED_OBJC_IMPLEMENTATIONS = YES;
				CLANG_WARN_DIRECT_OBJC_ISA_USAGE = YES_ERROR;
				CLANG_WARN_DOCUMENTATION_COMMENTS = YES;
				CLANG_WARN_EMPTY_BODY = YES;
				CLANG_WARN_ENUM_CONVERSION = YES;
				CLANG_WARN_INFINITE_RECURSION = YES;
				CLANG_WARN_INT_CONVERSION = YES;
				CLANG_WARN_NON_LITERAL_NULL_CONVERSION = YES;
				CLANG_WARN_OBJC_IMPLICIT_RETAIN_SELF = YES;
				CLANG_WARN_OBJC_LITERAL_CONVERSION = YES;
				CLANG_WARN_OBJC_ROOT_CLASS = YES_ERROR;
				CLANG_WARN_QUOTED_INCLUDE_IN_FRAMEWORK_HEADER = YES;
				CLANG_WARN_RANGE_LOOP_ANALYSIS = YES;
				CLANG_WARN_STRICT_PROTOTYPES = YES;
				CLANG_WARN_SUSPICIOUS_MOVE = YES;
				CLANG_WARN_UNGUARDED_AVAILABILITY = YES_AGGRESSIVE;
				CLANG_WARN_UNREACHABLE_CODE = YES;
				CLANG_WARN__DUPLICATE_METHOD_MATCH = YES;
				COPY_PHASE_STRIP = NO;
				DEBUG_INFORMATION_FORMAT = dwarf;
				ENABLE_STRICT_OBJC_MSGSEND = YES;
				ENABLE_TESTABILITY = YES;
				GCC_C_LANGUAGE_STANDARD = gnu11;
				GCC_DYNAMIC_NO_PIC = NO;
				GCC_NO_COMMON_BLOCKS = YES;
				GCC_OPTIMIZATION_LEVEL = 0;
				GCC_PREPROCESSOR_DEFINITIONS = (
					"DEBUG=1",
					"$(inherited)",
				);
				GCC_WARN_64_TO_32_BIT_CONVERSION = YES;
				GCC_WARN_ABOUT_RETURN_TYPE = YES_ERROR;
				GCC_WARN_UNDECLARED_SELECTOR = YES;
				GCC_WARN_UNINITIALIZED_AUTOS = YES_AGGRESSIVE;
				GCC_WARN_UNUSED_FUNCTION = YES;
				GCC_WARN_UNUSED_VARIABLE = YES;
				IPHONEOS_DEPLOYMENT_TARGET = 14.5;
				MTL_ENABLE_DEBUG_INFO = INCLUDE_SOURCE;
				MTL_FAST_MATH = YES;
				ONLY_ACTIVE_ARCH = YES;
				SDKROOT = iphoneos;
				SWIFT_ACTIVE_COMPILATION_CONDITIONS = DEBUG;
				SWIFT_OPTIMIZATION_LEVEL = "-Onone";
			};
			name = Debug;
		};
		6E96C8F52693254D002D25A7 /* Release */ = {
			isa = XCBuildConfiguration;
			buildSettings = {
				ALWAYS_SEARCH_USER_PATHS = NO;
				CLANG_ANALYZER_NONNULL = YES;
				CLANG_ANALYZER_NUMBER_OBJECT_CONVERSION = YES_AGGRESSIVE;
				CLANG_CXX_LANGUAGE_STANDARD = "gnu++14";
				CLANG_CXX_LIBRARY = "libc++";
				CLANG_ENABLE_MODULES = YES;
				CLANG_ENABLE_OBJC_ARC = YES;
				CLANG_ENABLE_OBJC_WEAK = YES;
				CLANG_WARN_BLOCK_CAPTURE_AUTORELEASING = YES;
				CLANG_WARN_BOOL_CONVERSION = YES;
				CLANG_WARN_COMMA = YES;
				CLANG_WARN_CONSTANT_CONVERSION = YES;
				CLANG_WARN_DEPRECATED_OBJC_IMPLEMENTATIONS = YES;
				CLANG_WARN_DIRECT_OBJC_ISA_USAGE = YES_ERROR;
				CLANG_WARN_DOCUMENTATION_COMMENTS = YES;
				CLANG_WARN_EMPTY_BODY = YES;
				CLANG_WARN_ENUM_CONVERSION = YES;
				CLANG_WARN_INFINITE_RECURSION = YES;
				CLANG_WARN_INT_CONVERSION = YES;
				CLANG_WARN_NON_LITERAL_NULL_CONVERSION = YES;
				CLANG_WARN_OBJC_IMPLICIT_RETAIN_SELF = YES;
				CLANG_WARN_OBJC_LITERAL_CONVERSION = YES;
				CLANG_WARN_OBJC_ROOT_CLASS = YES_ERROR;
				CLANG_WARN_QUOTED_INCLUDE_IN_FRAMEWORK_HEADER = YES;
				CLANG_WARN_RANGE_LOOP_ANALYSIS = YES;
				CLANG_WARN_STRICT_PROTOTYPES = YES;
				CLANG_WARN_SUSPICIOUS_MOVE = YES;
				CLANG_WARN_UNGUARDED_AVAILABILITY = YES_AGGRESSIVE;
				CLANG_WARN_UNREACHABLE_CODE = YES;
				CLANG_WARN__DUPLICATE_METHOD_MATCH = YES;
				COPY_PHASE_STRIP = NO;
				DEBUG_INFORMATION_FORMAT = "dwarf-with-dsym";
				ENABLE_NS_ASSERTIONS = NO;
				ENABLE_STRICT_OBJC_MSGSEND = YES;
				GCC_C_LANGUAGE_STANDARD = gnu11;
				GCC_NO_COMMON_BLOCKS = YES;
				GCC_WARN_64_TO_32_BIT_CONVERSION = YES;
				GCC_WARN_ABOUT_RETURN_TYPE = YES_ERROR;
				GCC_WARN_UNDECLARED_SELECTOR = YES;
				GCC_WARN_UNINITIALIZED_AUTOS = YES_AGGRESSIVE;
				GCC_WARN_UNUSED_FUNCTION = YES;
				GCC_WARN_UNUSED_VARIABLE = YES;
				IPHONEOS_DEPLOYMENT_TARGET = 14.5;
				MTL_ENABLE_DEBUG_INFO = NO;
				MTL_FAST_MATH = YES;
				SDKROOT = iphoneos;
				SWIFT_COMPILATION_MODE = wholemodule;
				SWIFT_OPTIMIZATION_LEVEL = "-O";
				VALIDATE_PRODUCT = YES;
			};
			name = Release;
		};
		6E96C8F72693254D002D25A7 /* Debug */ = {
			isa = XCBuildConfiguration;
			buildSettings = {
				ASSETCATALOG_COMPILER_APPICON_NAME = AppIcon;
				ASSETCATALOG_COMPILER_GLOBAL_ACCENT_COLOR_NAME = AccentColor;
				CODE_SIGN_STYLE = Automatic;
				DEVELOPMENT_ASSET_PATHS = "\"PerfectGiftCDiC/Preview Content\"";
				DEVELOPMENT_TEAM = MZKL96N2NF;
				ENABLE_PREVIEWS = YES;
				INFOPLIST_FILE = PerfectGiftCDiC/Info.plist;
				IPHONEOS_DEPLOYMENT_TARGET = 14.0;
				LD_RUNPATH_SEARCH_PATHS = (
					"$(inherited)",
					"@executable_path/Frameworks",
				);
				PRODUCT_BUNDLE_IDENTIFIER = com.pablomillan.PerfectGiftCDiC;
				PRODUCT_NAME = "$(TARGET_NAME)";
				SWIFT_VERSION = 5.0;
				TARGETED_DEVICE_FAMILY = "1,2";
			};
			name = Debug;
		};
		6E96C8F82693254D002D25A7 /* Release */ = {
			isa = XCBuildConfiguration;
			buildSettings = {
				ASSETCATALOG_COMPILER_APPICON_NAME = AppIcon;
				ASSETCATALOG_COMPILER_GLOBAL_ACCENT_COLOR_NAME = AccentColor;
				CODE_SIGN_STYLE = Automatic;
				DEVELOPMENT_ASSET_PATHS = "\"PerfectGiftCDiC/Preview Content\"";
				DEVELOPMENT_TEAM = MZKL96N2NF;
				ENABLE_PREVIEWS = YES;
				INFOPLIST_FILE = PerfectGiftCDiC/Info.plist;
				IPHONEOS_DEPLOYMENT_TARGET = 14.0;
				LD_RUNPATH_SEARCH_PATHS = (
					"$(inherited)",
					"@executable_path/Frameworks",
				);
				PRODUCT_BUNDLE_IDENTIFIER = com.pablomillan.PerfectGiftCDiC;
				PRODUCT_NAME = "$(TARGET_NAME)";
				SWIFT_VERSION = 5.0;
				TARGETED_DEVICE_FAMILY = "1,2";
			};
			name = Release;
		};
/* End XCBuildConfiguration section */

/* Begin XCConfigurationList section */
		6E96C8DD2693254A002D25A7 /* Build configuration list for PBXProject "PerfectGiftCDiC" */ = {
			isa = XCConfigurationList;
			buildConfigurations = (
				6E96C8F42693254D002D25A7 /* Debug */,
				6E96C8F52693254D002D25A7 /* Release */,
			);
			defaultConfigurationIsVisible = 0;
			defaultConfigurationName = Release;
		};
		6E96C8F62693254D002D25A7 /* Build configuration list for PBXNativeTarget "PerfectGiftCDiC" */ = {
			isa = XCConfigurationList;
			buildConfigurations = (
				6E96C8F72693254D002D25A7 /* Debug */,
				6E96C8F82693254D002D25A7 /* Release */,
			);
			defaultConfigurationIsVisible = 0;
			defaultConfigurationName = Release;
		};
/* End XCConfigurationList section */

/* Begin XCVersionGroup section */
		6E96C8F02693254D002D25A7 /* PerfectGiftCDiC.xcdatamodeld */ = {
			isa = XCVersionGroup;
			children = (
				6E96C8F12693254D002D25A7 /* PerfectGiftCDiC.xcdatamodel */,
			);
			currentVersion = 6E96C8F12693254D002D25A7 /* PerfectGiftCDiC.xcdatamodel */;
			path = PerfectGiftCDiC.xcdatamodeld;
			sourceTree = "<group>";
			versionGroupType = wrapper.xcdatamodel;
		};
/* End XCVersionGroup section */
	};
	rootObject = 6E96C8DA2693254A002D25A7 /* Project object */;
}
